
Microsoft Visual Studio Solution File, Format Version 12.00
# Visual Studio 15
VisualStudioVersion = 15.0.28010.2026
MinimumVisualStudioVersion = 10.0.40219.1
Project("{FAE04EC0-301F-11D3-BF4B-00C04F79EFBC}") = "收藏夾匯出工具", "收藏夾匯出工具\收藏夾匯出工具.csproj", "{D251A258-3872-4C9C-AEE9-A203A2E0E30E}"
EndProject
Global
	GlobalSection(SolutionConfigurationPlatforms) = preSolution
		Debug|Any CPU = Debug|Any CPU
		Release|Any CPU = Release|Any CPU
	EndGlobalSection
	GlobalSection(ProjectConfigurationPlatforms) = postSolution
		{D251A258-3872-4C9C-AEE9-A203A2E0E30E}.Debug|Any CPU.ActiveCfg = Debug|Any CPU
		{D251A258-3872-4C9C-AEE9-A203A2E0E30E}.Debug|Any CPU.Build.0 = Debug|Any CPU
		{D251A258-3872-4C9C-AEE9-A203A2E0E30E}.Release|Any CPU.ActiveCfg = Release|Any CPU
		{D251A258-3872-4C9C-AEE9-A203A2E0E30E}.Release|Any CPU.Build.0 = Release|Any CPU
	EndGlobalSection
	GlobalSection(SolutionProperties) = preSolution
		HideSolutionNode = FALSE
	EndGlobalSection
	GlobalSection(ExtensibilityGlobals) = postSolution
		SolutionGuid = {44A924D5-8BB9-4F74-BCED-E2CA6132B946}
	EndGlobalSection
EndGlobal
